
Microsoft Visual Studio Solution File, Format Version 12.00
# Visual Studio Version 17
VisualStudioVersion = 17.4.33403.182
MinimumVisualStudioVersion = 10.0.40219.1
Project("{9A19103F-16F7-4668-BE54-9A1E7A4F7556}") = "Documentally.API", "src\Documentally.API\Documentally.API.csproj", "{3FD48489-060D-4FEF-ACDA-5C910A551371}"
EndProject
Project("{FAE04EC0-301F-11D3-BF4B-00C04F79EFBC}") = "Documentally.Domain", "src\Documentally.Domain\Documentally.Domain.csproj", "{B1A050FF-627F-4471-9D16-E27B9F10C61D}"
EndProject
Project("{FAE04EC0-301F-11D3-BF4B-00C04F79EFBC}") = "Documentally.Infrastructure", "src\Documentally.Infrastructure\Documentally.Infrastructure.csproj", "{31A0D3D1-D97C-4DD4-8A24-E0CA73DE4366}"
EndProject
Project("{FAE04EC0-301F-11D3-BF4B-00C04F79EFBC}") = "Documentally.Application", "src\Documentally.Application\Documentally.Application.csproj", "{02C5C10D-A1AF-4045-8923-012D01320ADF}"
EndProject
Project("{FAE04EC0-301F-11D3-BF4B-00C04F79EFBC}") = "Documentally.Tests", "src\Documentally.Tests\Documentally.Tests.csproj", "{3F93154B-1FE9-46AD-BA60-434EE0EECF69}"
EndProject
Project("{2150E333-8FDC-42A3-9474-1A3956D46DE8}") = "Solution Items", "Solution Items", "{4F3819B5-0618-40AB-BFA8-1A66399F2F0F}"
	ProjectSection(SolutionItems) = preProject
		global.json = global.json
		README.md = README.md
	EndProjectSection
EndProject
Global
	GlobalSection(SolutionConfigurationPlatforms) = preSolution
		Debug|Any CPU = Debug|Any CPU
		Release|Any CPU = Release|Any CPU
	EndGlobalSection
	GlobalSection(ProjectConfigurationPlatforms) = postSolution
		{3FD48489-060D-4FEF-ACDA-5C910A551371}.Debug|Any CPU.ActiveCfg = Debug|Any CPU
		{3FD48489-060D-4FEF-ACDA-5C910A551371}.Debug|Any CPU.Build.0 = Debug|Any CPU
		{3FD48489-060D-4FEF-ACDA-5C910A551371}.Release|Any CPU.ActiveCfg = Release|Any CPU
		{3FD48489-060D-4FEF-ACDA-5C910A551371}.Release|Any CPU.Build.0 = Release|Any CPU
		{B1A050FF-627F-4471-9D16-E27B9F10C61D}.Debug|Any CPU.ActiveCfg = Debug|Any CPU
		{B1A050FF-627F-4471-9D16-E27B9F10C61D}.Debug|Any CPU.Build.0 = Debug|Any CPU
		{B1A050FF-627F-4471-9D16-E27B9F10C61D}.Release|Any CPU.ActiveCfg = Release|Any CPU
		{B1A050FF-627F-4471-9D16-E27B9F10C61D}.Release|Any CPU.Build.0 = Release|Any CPU
		{31A0D3D1-D97C-4DD4-8A24-E0CA73DE4366}.Debug|Any CPU.ActiveCfg = Debug|Any CPU
		{31A0D3D1-D97C-4DD4-8A24-E0CA73DE4366}.Debug|Any CPU.Build.0 = Debug|Any CPU
		{31A0D3D1-D97C-4DD4-8A24-E0CA73DE4366}.Release|Any CPU.ActiveCfg = Release|Any CPU
		{31A0D3D1-D97C-4DD4-8A24-E0CA73DE4366}.Release|Any CPU.Build.0 = Release|Any CPU
		{02C5C10D-A1AF-4045-8923-012D01320ADF}.Debug|Any CPU.ActiveCfg = Debug|Any CPU
		{02C5C10D-A1AF-4045-8923-012D01320ADF}.Debug|Any CPU.Build.0 = Debug|Any CPU
		{02C5C10D-A1AF-4045-8923-012D01320ADF}.Release|Any CPU.ActiveCfg = Release|Any CPU
		{02C5C10D-A1AF-4045-8923-012D01320ADF}.Release|Any CPU.Build.0 = Release|Any CPU
		{3F93154B-1FE9-46AD-BA60-434EE0EECF69}.Debug|Any CPU.ActiveCfg = Debug|Any CPU
		{3F93154B-1FE9-46AD-BA60-434EE0EECF69}.Debug|Any CPU.Build.0 = Debug|Any CPU
		{3F93154B-1FE9-46AD-BA60-434EE0EECF69}.Release|Any CPU.ActiveCfg = Release|Any CPU
		{3F93154B-1FE9-46AD-BA60-434EE0EECF69}.Release|Any CPU.Build.0 = Release|Any CPU
	EndGlobalSection
	GlobalSection(SolutionProperties) = preSolution
		HideSolutionNode = FALSE
	EndGlobalSection
	GlobalSection(ExtensibilityGlobals) = postSolution
		SolutionGuid = {4FC4D3CA-E266-48F0-8E90-A7623AAB730D}
	EndGlobalSection
EndGlobal
