
Microsoft Visual Studio Solution File, Format Version 12.00
# Visual Studio Version 17
VisualStudioVersion = 17.4.33403.182
MinimumVisualStudioVersion = 10.0.40219.1
Project("{FAE04EC0-301F-11D3-BF4B-00C04F79EFBC}") = "Documentally.API", "Documentally.API\Documentally.API.csproj", "{3FD48489-060D-4FEF-ACDA-5C910A551371}"
EndProject
Global
	GlobalSection(SolutionConfigurationPlatforms) = preSolution
		Debug|Any CPU = Debug|Any CPU
		Release|Any CPU = Release|Any CPU
	EndGlobalSection
	GlobalSection(ProjectConfigurationPlatforms) = postSolution
		{3FD48489-060D-4FEF-ACDA-5C910A551371}.Debug|Any CPU.ActiveCfg = Debug|Any CPU
		{3FD48489-060D-4FEF-ACDA-5C910A551371}.Debug|Any CPU.Build.0 = Debug|Any CPU
		{3FD48489-060D-4FEF-ACDA-5C910A551371}.Release|Any CPU.ActiveCfg = Release|Any CPU
		{3FD48489-060D-4FEF-ACDA-5C910A551371}.Release|Any CPU.Build.0 = Release|Any CPU
	EndGlobalSection
	GlobalSection(SolutionProperties) = preSolution
		HideSolutionNode = FALSE
	EndGlobalSection
	GlobalSection(ExtensibilityGlobals) = postSolution
		SolutionGuid = {4FC4D3CA-E266-48F0-8E90-A7623AAB730D}
	EndGlobalSection
EndGlobal
